// !$*UTF8*$!
{
	archiveVersion = 1;
	classes = {
	};
	objectVersion = 46;
	objects = {

/* Begin PBXBuildFile section */
		2942CF4F18D7E1D200311C64 /* FastPdfKit.framework in Frameworks */ = {isa = PBXBuildFile; fileRef = 2942CF4B18D7E1D200311C64 /* FastPdfKit.framework */; };
		2942CF5018D7E1D200311C64 /* FPKReaderBundle.bundle in Resources */ = {isa = PBXBuildFile; fileRef = 2942CF4D18D7E1D200311C64 /* FPKReaderBundle.bundle */; };
		2942CF5118D7E1D200311C64 /* Snippets.txt in Resources */ = {isa = PBXBuildFile; fileRef = 2942CF4E18D7E1D200311C64 /* Snippets.txt */; };
		2988CEB818C9612C005B84BE /* RegistrarLivroResponse.m in Sources */ = {isa = PBXBuildFile; fileRef = 2988CEB718C9612C005B84BE /* RegistrarLivroResponse.m */; };
		2988CEBB18C96A6F005B84BE /* ConexaoRegistrarLivro.m in Sources */ = {isa = PBXBuildFile; fileRef = 2988CEBA18C96A6F005B84BE /* ConexaoRegistrarLivro.m */; };
		2988CEBE18C96F45005B84BE /* DadosDispositivo.m in Sources */ = {isa = PBXBuildFile; fileRef = 2988CEBD18C96F45005B84BE /* DadosDispositivo.m */; };
		2988CEC118C97128005B84BE /* DadosCliente.m in Sources */ = {isa = PBXBuildFile; fileRef = 2988CEC018C97128005B84BE /* DadosCliente.m */; };
		299D7B4818BC36FC00724BED /* EstanteResponse.m in Sources */ = {isa = PBXBuildFile; fileRef = 299D7B4718BC36FC00724BED /* EstanteResponse.m */; };
		29B679E118D91E4300787E05 /* GLB.m in Sources */ = {isa = PBXBuildFile; fileRef = 29B679E018D91E4300787E05 /* GLB.m */; };
		29CFB1C7194FC06600E9DBDA /* PDFV.m in Sources */ = {isa = PBXBuildFile; fileRef = 29CFB1B3194FC06600E9DBDA /* PDFV.m */; };
		29CFB1C8194FC06600E9DBDA /* PDFVCanvas.m in Sources */ = {isa = PBXBuildFile; fileRef = 29CFB1B5194FC06600E9DBDA /* PDFVCanvas.m */; };
		29CFB1C9194FC06600E9DBDA /* PDFVFinder.m in Sources */ = {isa = PBXBuildFile; fileRef = 29CFB1B7194FC06600E9DBDA /* PDFVFinder.m */; };
		29CFB1CA194FC06600E9DBDA /* PDFVGlobal.m in Sources */ = {isa = PBXBuildFile; fileRef = 29CFB1B9194FC06600E9DBDA /* PDFVGlobal.m */; };
		29CFB1CB194FC06600E9DBDA /* PDFView.m in Sources */ = {isa = PBXBuildFile; fileRef = 29CFB1BB194FC06600E9DBDA /* PDFView.m */; };
		29CFB1CC194FC06600E9DBDA /* PDFVPage.m in Sources */ = {isa = PBXBuildFile; fileRef = 29CFB1BD194FC06600E9DBDA /* PDFVPage.m */; };
		29CFB1CD194FC06600E9DBDA /* PDFVThread.m in Sources */ = {isa = PBXBuildFile; fileRef = 29CFB1BF194FC06600E9DBDA /* PDFVThread.m */; };
		29CFB1CE194FC06600E9DBDA /* PDFVThumb.m in Sources */ = {isa = PBXBuildFile; fileRef = 29CFB1C1194FC06600E9DBDA /* PDFVThumb.m */; };
		29CFB1CF194FC06600E9DBDA /* libRDPDFLib.a in Frameworks */ = {isa = PBXBuildFile; fileRef = 29CFB1C3194FC06600E9DBDA /* libRDPDFLib.a */; };
		29CFB1D0194FC06600E9DBDA /* PDFObjc.m in Sources */ = {isa = PBXBuildFile; fileRef = 29CFB1C6194FC06600E9DBDA /* PDFObjc.m */; };
		29EA293518D6178400F9BCAC /* LivroDetalhesView.m in Sources */ = {isa = PBXBuildFile; fileRef = FB3A5C5118BD639400A0FEA8 /* LivroDetalhesView.m */; };
		82E0390618B8DD7A00EE7722 /* AFHTTPRequestOperation.m in Sources */ = {isa = PBXBuildFile; fileRef = 82E038F418B8DD7A00EE7722 /* AFHTTPRequestOperation.m */; };
		82E0390718B8DD7A00EE7722 /* AFHTTPRequestOperationManager.m in Sources */ = {isa = PBXBuildFile; fileRef = 82E038F618B8DD7A00EE7722 /* AFHTTPRequestOperationManager.m */; };
		82E0390818B8DD7A00EE7722 /* AFHTTPSessionManager.m in Sources */ = {isa = PBXBuildFile; fileRef = 82E038F818B8DD7A00EE7722 /* AFHTTPSessionManager.m */; };
		82E0390918B8DD7A00EE7722 /* AFNetworkReachabilityManager.m in Sources */ = {isa = PBXBuildFile; fileRef = 82E038FB18B8DD7A00EE7722 /* AFNetworkReachabilityManager.m */; };
		82E0390A18B8DD7A00EE7722 /* AFSecurityPolicy.m in Sources */ = {isa = PBXBuildFile; fileRef = 82E038FD18B8DD7A00EE7722 /* AFSecurityPolicy.m */; };
		82E0390B18B8DD7A00EE7722 /* AFURLConnectionOperation.m in Sources */ = {isa = PBXBuildFile; fileRef = 82E038FF18B8DD7A00EE7722 /* AFURLConnectionOperation.m */; };
		82E0390C18B8DD7A00EE7722 /* AFURLRequestSerialization.m in Sources */ = {isa = PBXBuildFile; fileRef = 82E0390118B8DD7A00EE7722 /* AFURLRequestSerialization.m */; };
		82E0390D18B8DD7A00EE7722 /* AFURLResponseSerialization.m in Sources */ = {isa = PBXBuildFile; fileRef = 82E0390318B8DD7A00EE7722 /* AFURLResponseSerialization.m */; };
		82E0390E18B8DD7A00EE7722 /* AFURLSessionManager.m in Sources */ = {isa = PBXBuildFile; fileRef = 82E0390518B8DD7A00EE7722 /* AFURLSessionManager.m */; };
		82F335A418B59B86001636EE /* ConexaoBuscarEstante.m in Sources */ = {isa = PBXBuildFile; fileRef = 82F335A318B59B86001636EE /* ConexaoBuscarEstante.m */; };
		82F335AA18B5AEFE001636EE /* LivroResponse.m in Sources */ = {isa = PBXBuildFile; fileRef = 82F335A918B5AEFE001636EE /* LivroResponse.m */; };
		FB3A5C5418BD639400A0FEA8 /* LivroDetalhesView.xib in Resources */ = {isa = PBXBuildFile; fileRef = FB3A5C5218BD639400A0FEA8 /* LivroDetalhesView.xib */; };
		FB5A360D18657E29006C7FF3 /* RegistroAssociadoController.m in Sources */ = {isa = PBXBuildFile; fileRef = FB5A360B18657E29006C7FF3 /* RegistroAssociadoController.m */; };
		FB5A360E18657E29006C7FF3 /* RegistroAssociadoController.xib in Resources */ = {isa = PBXBuildFile; fileRef = FB5A360C18657E29006C7FF3 /* RegistroAssociadoController.xib */; };
		FB5A361218657EA6006C7FF3 /* RegistroNaoAssociadoController.m in Sources */ = {isa = PBXBuildFile; fileRef = FB5A361018657EA6006C7FF3 /* RegistroNaoAssociadoController.m */; };
		FB5A361318657EA6006C7FF3 /* RegistroNaoAssociadoController.xib in Resources */ = {isa = PBXBuildFile; fileRef = FB5A361118657EA6006C7FF3 /* RegistroNaoAssociadoController.xib */; };
		FB5F0A6E18615A800068D497 /* Foundation.framework in Frameworks */ = {isa = PBXBuildFile; fileRef = FB5F0A6D18615A800068D497 /* Foundation.framework */; };
		FB5F0A7018615A800068D497 /* CoreGraphics.framework in Frameworks */ = {isa = PBXBuildFile; fileRef = FB5F0A6F18615A800068D497 /* CoreGraphics.framework */; };
		FB5F0A7218615A800068D497 /* UIKit.framework in Frameworks */ = {isa = PBXBuildFile; fileRef = FB5F0A7118615A800068D497 /* UIKit.framework */; };
		FB5F0A7818615A800068D497 /* InfoPlist.strings in Resources */ = {isa = PBXBuildFile; fileRef = FB5F0A7618615A800068D497 /* InfoPlist.strings */; };
		FB5F0A7A18615A800068D497 /* main.m in Sources */ = {isa = PBXBuildFile; fileRef = FB5F0A7918615A800068D497 /* main.m */; };
		FB5F0A7E18615A800068D497 /* AppDelegate.m in Sources */ = {isa = PBXBuildFile; fileRef = FB5F0A7D18615A800068D497 /* AppDelegate.m */; };
		FB5F0A8118615A800068D497 /* Main_iPhone.storyboard in Resources */ = {isa = PBXBuildFile; fileRef = FB5F0A7F18615A800068D497 /* Main_iPhone.storyboard */; };
		FB5F0A8418615A800068D497 /* Main_iPad.storyboard in Resources */ = {isa = PBXBuildFile; fileRef = FB5F0A8218615A800068D497 /* Main_iPad.storyboard */; };
		FB5F0A8718615A800068D497 /* IdrViewController.m in Sources */ = {isa = PBXBuildFile; fileRef = FB5F0A8618615A800068D497 /* IdrViewController.m */; };
		FB5F0A9018615A800068D497 /* XCTest.framework in Frameworks */ = {isa = PBXBuildFile; fileRef = FB5F0A8F18615A800068D497 /* XCTest.framework */; };
		FB5F0A9118615A800068D497 /* Foundation.framework in Frameworks */ = {isa = PBXBuildFile; fileRef = FB5F0A6D18615A800068D497 /* Foundation.framework */; };
		FB5F0A9218615A800068D497 /* UIKit.framework in Frameworks */ = {isa = PBXBuildFile; fileRef = FB5F0A7118615A800068D497 /* UIKit.framework */; };
		FB5F0A9A18615A800068D497 /* InfoPlist.strings in Resources */ = {isa = PBXBuildFile; fileRef = FB5F0A9818615A800068D497 /* InfoPlist.strings */; };
		FB5F0A9C18615A800068D497 /* LeitorIDRTests.m in Sources */ = {isa = PBXBuildFile; fileRef = FB5F0A9B18615A800068D497 /* LeitorIDRTests.m */; };
		FB62EE2018763779007661BF /* ConexaoRegistrarDispositivo.m in Sources */ = {isa = PBXBuildFile; fileRef = FB62EE1F18763779007661BF /* ConexaoRegistrarDispositivo.m */; };
		FBC727AC18658EAD00F72A23 /* PerguntaRegistroController.m in Sources */ = {isa = PBXBuildFile; fileRef = FBC727AA18658EAD00F72A23 /* PerguntaRegistroController.m */; };
		FBC727AD18658EAD00F72A23 /* PerguntaRegistroController.xib in Resources */ = {isa = PBXBuildFile; fileRef = FBC727AB18658EAD00F72A23 /* PerguntaRegistroController.xib */; };
		FBDF8A6F1877CAC0000EC732 /* RegistrarDispositivoResponse.m in Sources */ = {isa = PBXBuildFile; fileRef = FBDF8A6E1877CAC0000EC732 /* RegistrarDispositivoResponse.m */; };
		FBDF8A7B1878C0FD000EC732 /* EstanteLivrosController.m in Sources */ = {isa = PBXBuildFile; fileRef = FBDF8A791878C0FD000EC732 /* EstanteLivrosController.m */; };
		FBDF8A7C1878C0FD000EC732 /* EstanteLivrosController.xib in Resources */ = {isa = PBXBuildFile; fileRef = FBDF8A7A1878C0FD000EC732 /* EstanteLivrosController.xib */; };
		FBF102251870AFB900B4A361 /* Media.xcassets in Resources */ = {isa = PBXBuildFile; fileRef = FBF102241870AFB900B4A361 /* Media.xcassets */; };
		FBF1E1371869506E00671EE2 /* EstantesController.m in Sources */ = {isa = PBXBuildFile; fileRef = FBF1E1351869506E00671EE2 /* EstantesController.m */; };
		FBF1E1381869506E00671EE2 /* EstantesController.xib in Resources */ = {isa = PBXBuildFile; fileRef = FBF1E1361869506E00671EE2 /* EstantesController.xib */; };
/* End PBXBuildFile section */

/* Begin PBXContainerItemProxy section */
		FB5F0A9318615A800068D497 /* PBXContainerItemProxy */ = {
			isa = PBXContainerItemProxy;
			containerPortal = FB5F0A6218615A800068D497 /* Project object */;
			proxyType = 1;
			remoteGlobalIDString = FB5F0A6918615A800068D497;
			remoteInfo = LeitorIDR;
		};
/* End PBXContainerItemProxy section */

/* Begin PBXFileReference section */
		2942CF4B18D7E1D200311C64 /* FastPdfKit.framework */ = {isa = PBXFileReference; lastKnownFileType = wrapper.framework; path = FastPdfKit.framework; sourceTree = "<group>"; };
		2942CF4D18D7E1D200311C64 /* FPKReaderBundle.bundle */ = {isa = PBXFileReference; lastKnownFileType = "wrapper.plug-in"; path = FPKReaderBundle.bundle; sourceTree = "<group>"; };
		2942CF4E18D7E1D200311C64 /* Snippets.txt */ = {isa = PBXFileReference; fileEncoding = 4; lastKnownFileType = text; path = Snippets.txt; sourceTree = "<group>"; };
		2988CEB618C9612C005B84BE /* RegistrarLivroResponse.h */ = {isa = PBXFileReference; fileEncoding = 4; lastKnownFileType = sourcecode.c.h; path = RegistrarLivroResponse.h; sourceTree = "<group>"; };
		2988CEB718C9612C005B84BE /* RegistrarLivroResponse.m */ = {isa = PBXFileReference; fileEncoding = 4; lastKnownFileType = sourcecode.c.objc; path = RegistrarLivroResponse.m; sourceTree = "<group>"; };
		2988CEB918C96A6F005B84BE /* ConexaoRegistrarLivro.h */ = {isa = PBXFileReference; fileEncoding = 4; lastKnownFileType = sourcecode.c.h; path = ConexaoRegistrarLivro.h; sourceTree = "<group>"; };
		2988CEBA18C96A6F005B84BE /* ConexaoRegistrarLivro.m */ = {isa = PBXFileReference; fileEncoding = 4; lastKnownFileType = sourcecode.c.objc; path = ConexaoRegistrarLivro.m; sourceTree = "<group>"; };
		2988CEBC18C96F45005B84BE /* DadosDispositivo.h */ = {isa = PBXFileReference; fileEncoding = 4; lastKnownFileType = sourcecode.c.h; path = DadosDispositivo.h; sourceTree = "<group>"; };
		2988CEBD18C96F45005B84BE /* DadosDispositivo.m */ = {isa = PBXFileReference; fileEncoding = 4; lastKnownFileType = sourcecode.c.objc; path = DadosDispositivo.m; sourceTree = "<group>"; };
		2988CEBF18C97128005B84BE /* DadosCliente.h */ = {isa = PBXFileReference; fileEncoding = 4; lastKnownFileType = sourcecode.c.h; path = DadosCliente.h; sourceTree = "<group>"; };
		2988CEC018C97128005B84BE /* DadosCliente.m */ = {isa = PBXFileReference; fileEncoding = 4; lastKnownFileType = sourcecode.c.objc; path = DadosCliente.m; sourceTree = "<group>"; };
		299D7B4618BC36FC00724BED /* EstanteResponse.h */ = {isa = PBXFileReference; fileEncoding = 4; lastKnownFileType = sourcecode.c.h; path = EstanteResponse.h; sourceTree = "<group>"; };
		299D7B4718BC36FC00724BED /* EstanteResponse.m */ = {isa = PBXFileReference; fileEncoding = 4; lastKnownFileType = sourcecode.c.objc; path = EstanteResponse.m; sourceTree = "<group>"; };
		29B679DF18D91E4300787E05 /* GLB.h */ = {isa = PBXFileReference; fileEncoding = 4; lastKnownFileType = sourcecode.c.h; path = GLB.h; sourceTree = "<group>"; };
		29B679E018D91E4300787E05 /* GLB.m */ = {isa = PBXFileReference; fileEncoding = 4; lastKnownFileType = sourcecode.c.objc; path = GLB.m; sourceTree = "<group>"; };
		29CFB1B2194FC06600E9DBDA /* PDFV.h */ = {isa = PBXFileReference; fileEncoding = 4; lastKnownFileType = sourcecode.c.h; path = PDFV.h; sourceTree = "<group>"; };
		29CFB1B3194FC06600E9DBDA /* PDFV.m */ = {isa = PBXFileReference; fileEncoding = 4; lastKnownFileType = sourcecode.c.objc; path = PDFV.m; sourceTree = "<group>"; };
		29CFB1B4194FC06600E9DBDA /* PDFVCanvas.h */ = {isa = PBXFileReference; fileEncoding = 4; lastKnownFileType = sourcecode.c.h; path = PDFVCanvas.h; sourceTree = "<group>"; };
		29CFB1B5194FC06600E9DBDA /* PDFVCanvas.m */ = {isa = PBXFileReference; fileEncoding = 4; lastKnownFileType = sourcecode.c.objc; path = PDFVCanvas.m; sourceTree = "<group>"; };
		29CFB1B6194FC06600E9DBDA /* PDFVFinder.h */ = {isa = PBXFileReference; fileEncoding = 4; lastKnownFileType = sourcecode.c.h; path = PDFVFinder.h; sourceTree = "<group>"; };
		29CFB1B7194FC06600E9DBDA /* PDFVFinder.m */ = {isa = PBXFileReference; fileEncoding = 4; lastKnownFileType = sourcecode.c.objc; path = PDFVFinder.m; sourceTree = "<group>"; };
		29CFB1B8194FC06600E9DBDA /* PDFVGlobal.h */ = {isa = PBXFileReference; fileEncoding = 4; lastKnownFileType = sourcecode.c.h; path = PDFVGlobal.h; sourceTree = "<group>"; };
		29CFB1B9194FC06600E9DBDA /* PDFVGlobal.m */ = {isa = PBXFileReference; fileEncoding = 4; lastKnownFileType = sourcecode.c.objc; path = PDFVGlobal.m; sourceTree = "<group>"; };
		29CFB1BA194FC06600E9DBDA /* PDFView.h */ = {isa = PBXFileReference; fileEncoding = 4; lastKnownFileType = sourcecode.c.h; path = PDFView.h; sourceTree = "<group>"; };
		29CFB1BB194FC06600E9DBDA /* PDFView.m */ = {isa = PBXFileReference; fileEncoding = 4; lastKnownFileType = sourcecode.c.objc; path = PDFView.m; sourceTree = "<group>"; };
		29CFB1BC194FC06600E9DBDA /* PDFVPage.h */ = {isa = PBXFileReference; fileEncoding = 4; lastKnownFileType = sourcecode.c.h; path = PDFVPage.h; sourceTree = "<group>"; };
		29CFB1BD194FC06600E9DBDA /* PDFVPage.m */ = {isa = PBXFileReference; fileEncoding = 4; lastKnownFileType = sourcecode.c.objc; path = PDFVPage.m; sourceTree = "<group>"; };
		29CFB1BE194FC06600E9DBDA /* PDFVThread.h */ = {isa = PBXFileReference; fileEncoding = 4; lastKnownFileType = sourcecode.c.h; path = PDFVThread.h; sourceTree = "<group>"; };
		29CFB1BF194FC06600E9DBDA /* PDFVThread.m */ = {isa = PBXFileReference; fileEncoding = 4; lastKnownFileType = sourcecode.c.objc; path = PDFVThread.m; sourceTree = "<group>"; };
		29CFB1C0194FC06600E9DBDA /* PDFVThumb.h */ = {isa = PBXFileReference; fileEncoding = 4; lastKnownFileType = sourcecode.c.h; path = PDFVThumb.h; sourceTree = "<group>"; };
		29CFB1C1194FC06600E9DBDA /* PDFVThumb.m */ = {isa = PBXFileReference; fileEncoding = 4; lastKnownFileType = sourcecode.c.objc; path = PDFVThumb.m; sourceTree = "<group>"; };
		29CFB1C3194FC06600E9DBDA /* libRDPDFLib.a */ = {isa = PBXFileReference; lastKnownFileType = archive.ar; path = libRDPDFLib.a; sourceTree = "<group>"; };
		29CFB1C4194FC06600E9DBDA /* PDFIOS.h */ = {isa = PBXFileReference; fileEncoding = 4; lastKnownFileType = sourcecode.c.h; path = PDFIOS.h; sourceTree = "<group>"; };
		29CFB1C5194FC06600E9DBDA /* PDFObjc.h */ = {isa = PBXFileReference; fileEncoding = 4; lastKnownFileType = sourcecode.c.h; path = PDFObjc.h; sourceTree = "<group>"; };
		29CFB1C6194FC06600E9DBDA /* PDFObjc.m */ = {isa = PBXFileReference; fileEncoding = 4; lastKnownFileType = sourcecode.c.objc; path = PDFObjc.m; sourceTree = "<group>"; };
		47E5FF1C835D4E76A8748C52 /* libPods.a */ = {isa = PBXFileReference; explicitFileType = archive.ar; includeInIndex = 0; path = libPods.a; sourceTree = BUILT_PRODUCTS_DIR; };
		82E038F318B8DD7A00EE7722 /* AFHTTPRequestOperation.h */ = {isa = PBXFileReference; fileEncoding = 4; lastKnownFileType = sourcecode.c.h; path = AFHTTPRequestOperation.h; sourceTree = "<group>"; };
		82E038F418B8DD7A00EE7722 /* AFHTTPRequestOperation.m */ = {isa = PBXFileReference; fileEncoding = 4; lastKnownFileType = sourcecode.c.objc; path = AFHTTPRequestOperation.m; sourceTree = "<group>"; };
		82E038F518B8DD7A00EE7722 /* AFHTTPRequestOperationManager.h */ = {isa = PBXFileReference; fileEncoding = 4; lastKnownFileType = sourcecode.c.h; path = AFHTTPRequestOperationManager.h; sourceTree = "<group>"; };
		82E038F618B8DD7A00EE7722 /* AFHTTPRequestOperationManager.m */ = {isa = PBXFileReference; fileEncoding = 4; lastKnownFileType = sourcecode.c.objc; path = AFHTTPRequestOperationManager.m; sourceTree = "<group>"; };
		82E038F718B8DD7A00EE7722 /* AFHTTPSessionManager.h */ = {isa = PBXFileReference; fileEncoding = 4; lastKnownFileType = sourcecode.c.h; path = AFHTTPSessionManager.h; sourceTree = "<group>"; };
		82E038F818B8DD7A00EE7722 /* AFHTTPSessionManager.m */ = {isa = PBXFileReference; fileEncoding = 4; lastKnownFileType = sourcecode.c.objc; path = AFHTTPSessionManager.m; sourceTree = "<group>"; };
		82E038F918B8DD7A00EE7722 /* AFNetworking.h */ = {isa = PBXFileReference; fileEncoding = 4; lastKnownFileType = sourcecode.c.h; path = AFNetworking.h; sourceTree = "<group>"; };
		82E038FA18B8DD7A00EE7722 /* AFNetworkReachabilityManager.h */ = {isa = PBXFileReference; fileEncoding = 4; lastKnownFileType = sourcecode.c.h; path = AFNetworkReachabilityManager.h; sourceTree = "<group>"; };
		82E038FB18B8DD7A00EE7722 /* AFNetworkReachabilityManager.m */ = {isa = PBXFileReference; fileEncoding = 4; lastKnownFileType = sourcecode.c.objc; path = AFNetworkReachabilityManager.m; sourceTree = "<group>"; };
		82E038FC18B8DD7A00EE7722 /* AFSecurityPolicy.h */ = {isa = PBXFileReference; fileEncoding = 4; lastKnownFileType = sourcecode.c.h; path = AFSecurityPolicy.h; sourceTree = "<group>"; };
		82E038FD18B8DD7A00EE7722 /* AFSecurityPolicy.m */ = {isa = PBXFileReference; fileEncoding = 4; lastKnownFileType = sourcecode.c.objc; path = AFSecurityPolicy.m; sourceTree = "<group>"; };
		82E038FE18B8DD7A00EE7722 /* AFURLConnectionOperation.h */ = {isa = PBXFileReference; fileEncoding = 4; lastKnownFileType = sourcecode.c.h; path = AFURLConnectionOperation.h; sourceTree = "<group>"; };
		82E038FF18B8DD7A00EE7722 /* AFURLConnectionOperation.m */ = {isa = PBXFileReference; fileEncoding = 4; lastKnownFileType = sourcecode.c.objc; path = AFURLConnectionOperation.m; sourceTree = "<group>"; };
		82E0390018B8DD7A00EE7722 /* AFURLRequestSerialization.h */ = {isa = PBXFileReference; fileEncoding = 4; lastKnownFileType = sourcecode.c.h; path = AFURLRequestSerialization.h; sourceTree = "<group>"; };
		82E0390118B8DD7A00EE7722 /* AFURLRequestSerialization.m */ = {isa = PBXFileReference; fileEncoding = 4; lastKnownFileType = sourcecode.c.objc; path = AFURLRequestSerialization.m; sourceTree = "<group>"; };
		82E0390218B8DD7A00EE7722 /* AFURLResponseSerialization.h */ = {isa = PBXFileReference; fileEncoding = 4; lastKnownFileType = sourcecode.c.h; path = AFURLResponseSerialization.h; sourceTree = "<group>"; };
		82E0390318B8DD7A00EE7722 /* AFURLResponseSerialization.m */ = {isa = PBXFileReference; fileEncoding = 4; lastKnownFileType = sourcecode.c.objc; path = AFURLResponseSerialization.m; sourceTree = "<group>"; };
		82E0390418B8DD7A00EE7722 /* AFURLSessionManager.h */ = {isa = PBXFileReference; fileEncoding = 4; lastKnownFileType = sourcecode.c.h; path = AFURLSessionManager.h; sourceTree = "<group>"; };
		82E0390518B8DD7A00EE7722 /* AFURLSessionManager.m */ = {isa = PBXFileReference; fileEncoding = 4; lastKnownFileType = sourcecode.c.objc; path = AFURLSessionManager.m; sourceTree = "<group>"; };
		82F335A218B59B86001636EE /* ConexaoBuscarEstante.h */ = {isa = PBXFileReference; fileEncoding = 4; lastKnownFileType = sourcecode.c.h; path = ConexaoBuscarEstante.h; sourceTree = "<group>"; };
		82F335A318B59B86001636EE /* ConexaoBuscarEstante.m */ = {isa = PBXFileReference; fileEncoding = 4; lastKnownFileType = sourcecode.c.objc; path = ConexaoBuscarEstante.m; sourceTree = "<group>"; };
		82F335A818B5AEFE001636EE /* LivroResponse.h */ = {isa = PBXFileReference; fileEncoding = 4; lastKnownFileType = sourcecode.c.h; path = LivroResponse.h; sourceTree = "<group>"; };
		82F335A918B5AEFE001636EE /* LivroResponse.m */ = {isa = PBXFileReference; fileEncoding = 4; lastKnownFileType = sourcecode.c.objc; path = LivroResponse.m; sourceTree = "<group>"; };
		B159C45D2D774BBF9E4125BD /* Pods.xcconfig */ = {isa = PBXFileReference; includeInIndex = 1; lastKnownFileType = text.xcconfig; name = Pods.xcconfig; path = Pods/Pods.xcconfig; sourceTree = "<group>"; };
		FB3A5C5018BD639400A0FEA8 /* LivroDetalhesView.h */ = {isa = PBXFileReference; fileEncoding = 4; lastKnownFileType = sourcecode.c.h; path = LivroDetalhesView.h; sourceTree = "<group>"; };
		FB3A5C5118BD639400A0FEA8 /* LivroDetalhesView.m */ = {isa = PBXFileReference; fileEncoding = 4; lastKnownFileType = sourcecode.c.objc; path = LivroDetalhesView.m; sourceTree = "<group>"; };
		FB3A5C5218BD639400A0FEA8 /* LivroDetalhesView.xib */ = {isa = PBXFileReference; fileEncoding = 4; lastKnownFileType = file.xib; path = LivroDetalhesView.xib; sourceTree = "<group>"; };
		FB5A360A18657E29006C7FF3 /* RegistroAssociadoController.h */ = {isa = PBXFileReference; fileEncoding = 4; lastKnownFileType = sourcecode.c.h; name = RegistroAssociadoController.h; path = ../RegistroAssociadoController.h; sourceTree = "<group>"; };
		FB5A360B18657E29006C7FF3 /* RegistroAssociadoController.m */ = {isa = PBXFileReference; fileEncoding = 4; lastKnownFileType = sourcecode.c.objc; name = RegistroAssociadoController.m; path = ../RegistroAssociadoController.m; sourceTree = "<group>"; };
		FB5A360C18657E29006C7FF3 /* RegistroAssociadoController.xib */ = {isa = PBXFileReference; fileEncoding = 4; lastKnownFileType = file.xib; name = RegistroAssociadoController.xib; path = ../RegistroAssociadoController.xib; sourceTree = "<group>"; };
		FB5A360F18657EA6006C7FF3 /* RegistroNaoAssociadoController.h */ = {isa = PBXFileReference; fileEncoding = 4; lastKnownFileType = sourcecode.c.h; name = RegistroNaoAssociadoController.h; path = ../RegistroNaoAssociadoController.h; sourceTree = "<group>"; };
		FB5A361018657EA6006C7FF3 /* RegistroNaoAssociadoController.m */ = {isa = PBXFileReference; fileEncoding = 4; lastKnownFileType = sourcecode.c.objc; name = RegistroNaoAssociadoController.m; path = ../RegistroNaoAssociadoController.m; sourceTree = "<group>"; };
		FB5A361118657EA6006C7FF3 /* RegistroNaoAssociadoController.xib */ = {isa = PBXFileReference; fileEncoding = 4; lastKnownFileType = file.xib; name = RegistroNaoAssociadoController.xib; path = ../RegistroNaoAssociadoController.xib; sourceTree = "<group>"; };
		FB5F0A6A18615A800068D497 /* LeitorIDR.app */ = {isa = PBXFileReference; explicitFileType = wrapper.application; includeInIndex = 0; path = LeitorIDR.app; sourceTree = BUILT_PRODUCTS_DIR; };
		FB5F0A6D18615A800068D497 /* Foundation.framework */ = {isa = PBXFileReference; lastKnownFileType = wrapper.framework; name = Foundation.framework; path = System/Library/Frameworks/Foundation.framework; sourceTree = SDKROOT; };
		FB5F0A6F18615A800068D497 /* CoreGraphics.framework */ = {isa = PBXFileReference; lastKnownFileType = wrapper.framework; name = CoreGraphics.framework; path = System/Library/Frameworks/CoreGraphics.framework; sourceTree = SDKROOT; };
		FB5F0A7118615A800068D497 /* UIKit.framework */ = {isa = PBXFileReference; lastKnownFileType = wrapper.framework; name = UIKit.framework; path = System/Library/Frameworks/UIKit.framework; sourceTree = SDKROOT; };
		FB5F0A7518615A800068D497 /* LeitorIDR-Info.plist */ = {isa = PBXFileReference; lastKnownFileType = text.plist.xml; path = "LeitorIDR-Info.plist"; sourceTree = "<group>"; };
		FB5F0A7718615A800068D497 /* en */ = {isa = PBXFileReference; lastKnownFileType = text.plist.strings; name = en; path = en.lproj/InfoPlist.strings; sourceTree = "<group>"; };
		FB5F0A7918615A800068D497 /* main.m */ = {isa = PBXFileReference; lastKnownFileType = sourcecode.c.objc; path = main.m; sourceTree = "<group>"; };
		FB5F0A7B18615A800068D497 /* LeitorIDR-Prefix.pch */ = {isa = PBXFileReference; lastKnownFileType = sourcecode.c.h; path = "LeitorIDR-Prefix.pch"; sourceTree = "<group>"; };
		FB5F0A7C18615A800068D497 /* AppDelegate.h */ = {isa = PBXFileReference; lastKnownFileType = sourcecode.c.h; path = AppDelegate.h; sourceTree = "<group>"; };
		FB5F0A7D18615A800068D497 /* AppDelegate.m */ = {isa = PBXFileReference; lastKnownFileType = sourcecode.c.objc; path = AppDelegate.m; sourceTree = "<group>"; };
		FB5F0A8018615A800068D497 /* Base */ = {isa = PBXFileReference; lastKnownFileType = file.storyboard; name = Base; path = Base.lproj/Main_iPhone.storyboard; sourceTree = "<group>"; };
		FB5F0A8318615A800068D497 /* Base */ = {isa = PBXFileReference; lastKnownFileType = file.storyboard; name = Base; path = Base.lproj/Main_iPad.storyboard; sourceTree = "<group>"; };
		FB5F0A8518615A800068D497 /* IdrViewController.h */ = {isa = PBXFileReference; lastKnownFileType = sourcecode.c.h; path = IdrViewController.h; sourceTree = "<group>"; };
		FB5F0A8618615A800068D497 /* IdrViewController.m */ = {isa = PBXFileReference; lastKnownFileType = sourcecode.c.objc; path = IdrViewController.m; sourceTree = "<group>"; };
		FB5F0A8E18615A800068D497 /* LeitorIDRTests.xctest */ = {isa = PBXFileReference; explicitFileType = wrapper.cfbundle; includeInIndex = 0; path = LeitorIDRTests.xctest; sourceTree = BUILT_PRODUCTS_DIR; };
		FB5F0A8F18615A800068D497 /* XCTest.framework */ = {isa = PBXFileReference; lastKnownFileType = wrapper.framework; name = XCTest.framework; path = Library/Frameworks/XCTest.framework; sourceTree = DEVELOPER_DIR; };
		FB5F0A9718615A800068D497 /* LeitorIDRTests-Info.plist */ = {isa = PBXFileReference; lastKnownFileType = text.plist.xml; path = "LeitorIDRTests-Info.plist"; sourceTree = "<group>"; };
		FB5F0A9918615A800068D497 /* en */ = {isa = PBXFileReference; lastKnownFileType = text.plist.strings; name = en; path = en.lproj/InfoPlist.strings; sourceTree = "<group>"; };
		FB5F0A9B18615A800068D497 /* LeitorIDRTests.m */ = {isa = PBXFileReference; lastKnownFileType = sourcecode.c.objc; path = LeitorIDRTests.m; sourceTree = "<group>"; };
		FB62EE1E18763779007661BF /* ConexaoRegistrarDispositivo.h */ = {isa = PBXFileReference; fileEncoding = 4; lastKnownFileType = sourcecode.c.h; path = ConexaoRegistrarDispositivo.h; sourceTree = "<group>"; };
		FB62EE1F18763779007661BF /* ConexaoRegistrarDispositivo.m */ = {isa = PBXFileReference; fileEncoding = 4; lastKnownFileType = sourcecode.c.objc; path = ConexaoRegistrarDispositivo.m; sourceTree = "<group>"; };
		FBC727A918658EAD00F72A23 /* PerguntaRegistroController.h */ = {isa = PBXFileReference; fileEncoding = 4; lastKnownFileType = sourcecode.c.h; name = PerguntaRegistroController.h; path = ../PerguntaRegistroController.h; sourceTree = "<group>"; };
		FBC727AA18658EAD00F72A23 /* PerguntaRegistroController.m */ = {isa = PBXFileReference; fileEncoding = 4; lastKnownFileType = sourcecode.c.objc; name = PerguntaRegistroController.m; path = ../PerguntaRegistroController.m; sourceTree = "<group>"; };
		FBC727AB18658EAD00F72A23 /* PerguntaRegistroController.xib */ = {isa = PBXFileReference; fileEncoding = 4; lastKnownFileType = file.xib; name = PerguntaRegistroController.xib; path = ../PerguntaRegistroController.xib; sourceTree = "<group>"; };
		FBDF8A6D1877CAC0000EC732 /* RegistrarDispositivoResponse.h */ = {isa = PBXFileReference; fileEncoding = 4; lastKnownFileType = sourcecode.c.h; path = RegistrarDispositivoResponse.h; sourceTree = "<group>"; };
		FBDF8A6E1877CAC0000EC732 /* RegistrarDispositivoResponse.m */ = {isa = PBXFileReference; fileEncoding = 4; lastKnownFileType = sourcecode.c.objc; path = RegistrarDispositivoResponse.m; sourceTree = "<group>"; };
		FBDF8A781878C0FD000EC732 /* EstanteLivrosController.h */ = {isa = PBXFileReference; fileEncoding = 4; lastKnownFileType = sourcecode.c.h; path = EstanteLivrosController.h; sourceTree = "<group>"; };
		FBDF8A791878C0FD000EC732 /* EstanteLivrosController.m */ = {isa = PBXFileReference; fileEncoding = 4; lastKnownFileType = sourcecode.c.objc; path = EstanteLivrosController.m; sourceTree = "<group>"; };
		FBDF8A7A1878C0FD000EC732 /* EstanteLivrosController.xib */ = {isa = PBXFileReference; fileEncoding = 4; lastKnownFileType = file.xib; path = EstanteLivrosController.xib; sourceTree = "<group>"; };
		FBF102241870AFB900B4A361 /* Media.xcassets */ = {isa = PBXFileReference; lastKnownFileType = folder.assetcatalog; path = Media.xcassets; sourceTree = "<group>"; };
		FBF1E1341869506E00671EE2 /* EstantesController.h */ = {isa = PBXFileReference; fileEncoding = 4; lastKnownFileType = sourcecode.c.h; name = EstantesController.h; path = ../EstantesController.h; sourceTree = "<group>"; };
		FBF1E1351869506E00671EE2 /* EstantesController.m */ = {isa = PBXFileReference; fileEncoding = 4; lastKnownFileType = sourcecode.c.objc; name = EstantesController.m; path = ../EstantesController.m; sourceTree = "<group>"; };
		FBF1E1361869506E00671EE2 /* EstantesController.xib */ = {isa = PBXFileReference; fileEncoding = 4; lastKnownFileType = file.xib; name = EstantesController.xib; path = ../EstantesController.xib; sourceTree = "<group>"; };
/* End PBXFileReference section */

/* Begin PBXFrameworksBuildPhase section */
		FB5F0A6718615A800068D497 /* Frameworks */ = {
			isa = PBXFrameworksBuildPhase;
			buildActionMask = 2147483647;
			files = (
				2942CF4F18D7E1D200311C64 /* FastPdfKit.framework in Frameworks */,
				FB5F0A7018615A800068D497 /* CoreGraphics.framework in Frameworks */,
				FB5F0A7218615A800068D497 /* UIKit.framework in Frameworks */,
				29CFB1CF194FC06600E9DBDA /* libRDPDFLib.a in Frameworks */,
				FB5F0A6E18615A800068D497 /* Foundation.framework in Frameworks */,
			);
			runOnlyForDeploymentPostprocessing = 0;
		};
		FB5F0A8B18615A800068D497 /* Frameworks */ = {
			isa = PBXFrameworksBuildPhase;
			buildActionMask = 2147483647;
			files = (
				FB5F0A9018615A800068D497 /* XCTest.framework in Frameworks */,
				FB5F0A9218615A800068D497 /* UIKit.framework in Frameworks */,
				FB5F0A9118615A800068D497 /* Foundation.framework in Frameworks */,
			);
			runOnlyForDeploymentPostprocessing = 0;
		};
/* End PBXFrameworksBuildPhase section */

/* Begin PBXGroup section */
		2942CF4A18D7E1D200311C64 /* FastPdfKit.embeddedframework */ = {
			isa = PBXGroup;
			children = (
				2942CF4B18D7E1D200311C64 /* FastPdfKit.framework */,
				2942CF4C18D7E1D200311C64 /* Resources */,
			);
			path = FastPdfKit.embeddedframework;
			sourceTree = "<group>";
		};
		2942CF4C18D7E1D200311C64 /* Resources */ = {
			isa = PBXGroup;
			children = (
				2942CF4D18D7E1D200311C64 /* FPKReaderBundle.bundle */,
				2942CF4E18D7E1D200311C64 /* Snippets.txt */,
			);
			path = Resources;
			sourceTree = "<group>";
		};
		299D7B4318BC35A300724BED /* estantes */ = {
			isa = PBXGroup;
			children = (
				FBF1E1341869506E00671EE2 /* EstantesController.h */,
				FBF1E1351869506E00671EE2 /* EstantesController.m */,
				FBDF8A781878C0FD000EC732 /* EstanteLivrosController.h */,
				FBDF8A791878C0FD000EC732 /* EstanteLivrosController.m */,
			);
			name = estantes;
			sourceTree = "<group>";
		};
		299D7B4418BC35B100724BED /* views */ = {
			isa = PBXGroup;
			children = (
				FBF1E1361869506E00671EE2 /* EstantesController.xib */,
				FB5A361118657EA6006C7FF3 /* RegistroNaoAssociadoController.xib */,
				FB5A360C18657E29006C7FF3 /* RegistroAssociadoController.xib */,
				FBC727AB18658EAD00F72A23 /* PerguntaRegistroController.xib */,
				FBDF8A7A1878C0FD000EC732 /* EstanteLivrosController.xib */,
				FB3A5C5218BD639400A0FEA8 /* LivroDetalhesView.xib */,
			);
			name = views;
			sourceTree = "<group>";
		};
		299D7B4518BC35E800724BED /* registro */ = {
			isa = PBXGroup;
			children = (
				FBC727A918658EAD00F72A23 /* PerguntaRegistroController.h */,
				FBC727AA18658EAD00F72A23 /* PerguntaRegistroController.m */,
				FB5A360F18657EA6006C7FF3 /* RegistroNaoAssociadoController.h */,
				FB5A361018657EA6006C7FF3 /* RegistroNaoAssociadoController.m */,
				FB5A360A18657E29006C7FF3 /* RegistroAssociadoController.h */,
				FB5A360B18657E29006C7FF3 /* RegistroAssociadoController.m */,
			);
			name = registro;
			sourceTree = "<group>";
		};
		29CFB1B1194FC06600E9DBDA /* PDFView */ = {
			isa = PBXGroup;
			children = (
				29CFB1B2194FC06600E9DBDA /* PDFV.h */,
				29CFB1B3194FC06600E9DBDA /* PDFV.m */,
				29CFB1B4194FC06600E9DBDA /* PDFVCanvas.h */,
				29CFB1B5194FC06600E9DBDA /* PDFVCanvas.m */,
				29CFB1B6194FC06600E9DBDA /* PDFVFinder.h */,
				29CFB1B7194FC06600E9DBDA /* PDFVFinder.m */,
				29CFB1B8194FC06600E9DBDA /* PDFVGlobal.h */,
				29CFB1B9194FC06600E9DBDA /* PDFVGlobal.m */,
				29CFB1BA194FC06600E9DBDA /* PDFView.h */,
				29CFB1BB194FC06600E9DBDA /* PDFView.m */,
				29CFB1BC194FC06600E9DBDA /* PDFVPage.h */,
				29CFB1BD194FC06600E9DBDA /* PDFVPage.m */,
				29CFB1BE194FC06600E9DBDA /* PDFVThread.h */,
				29CFB1BF194FC06600E9DBDA /* PDFVThread.m */,
				29CFB1C0194FC06600E9DBDA /* PDFVThumb.h */,
				29CFB1C1194FC06600E9DBDA /* PDFVThumb.m */,
			);
			path = PDFView;
			sourceTree = "<group>";
		};
		29CFB1C2194FC06600E9DBDA /* PDFLib */ = {
			isa = PBXGroup;
			children = (
				29CFB1C3194FC06600E9DBDA /* libRDPDFLib.a */,
				29CFB1C4194FC06600E9DBDA /* PDFIOS.h */,
				29CFB1C5194FC06600E9DBDA /* PDFObjc.h */,
				29CFB1C6194FC06600E9DBDA /* PDFObjc.m */,
			);
			path = PDFLib;
			sourceTree = "<group>";
		};
		82E038F218B8DD7A00EE7722 /* AFNetworking */ = {
			isa = PBXGroup;
			children = (
				82E038F318B8DD7A00EE7722 /* AFHTTPRequestOperation.h */,
				82E038F418B8DD7A00EE7722 /* AFHTTPRequestOperation.m */,
				82E038F518B8DD7A00EE7722 /* AFHTTPRequestOperationManager.h */,
				82E038F618B8DD7A00EE7722 /* AFHTTPRequestOperationManager.m */,
				82E038F718B8DD7A00EE7722 /* AFHTTPSessionManager.h */,
				82E038F818B8DD7A00EE7722 /* AFHTTPSessionManager.m */,
				82E038F918B8DD7A00EE7722 /* AFNetworking.h */,
				82E038FA18B8DD7A00EE7722 /* AFNetworkReachabilityManager.h */,
				82E038FB18B8DD7A00EE7722 /* AFNetworkReachabilityManager.m */,
				82E038FC18B8DD7A00EE7722 /* AFSecurityPolicy.h */,
				82E038FD18B8DD7A00EE7722 /* AFSecurityPolicy.m */,
				82E038FE18B8DD7A00EE7722 /* AFURLConnectionOperation.h */,
				82E038FF18B8DD7A00EE7722 /* AFURLConnectionOperation.m */,
				82E0390018B8DD7A00EE7722 /* AFURLRequestSerialization.h */,
				82E0390118B8DD7A00EE7722 /* AFURLRequestSerialization.m */,
				82E0390218B8DD7A00EE7722 /* AFURLResponseSerialization.h */,
				82E0390318B8DD7A00EE7722 /* AFURLResponseSerialization.m */,
				82E0390418B8DD7A00EE7722 /* AFURLSessionManager.h */,
				82E0390518B8DD7A00EE7722 /* AFURLSessionManager.m */,
			);
			path = AFNetworking;
			sourceTree = "<group>";
		};
		FB3A5C5518BD63EE00A0FEA8 /* livros */ = {
			isa = PBXGroup;
			children = (
				FB3A5C5018BD639400A0FEA8 /* LivroDetalhesView.h */,
				FB3A5C5118BD639400A0FEA8 /* LivroDetalhesView.m */,
			);
			name = livros;
			sourceTree = "<group>";
		};
		FB3A5C5618BD772200A0FEA8 /* util */ = {
			isa = PBXGroup;
			children = (
				29B679DF18D91E4300787E05 /* GLB.h */,
				29B679E018D91E4300787E05 /* GLB.m */,
			);
			name = util;
			sourceTree = "<group>";
		};
		FB5F0A6118615A800068D497 = {
			isa = PBXGroup;
			children = (
				82E038F218B8DD7A00EE7722 /* AFNetworking */,
				FBF102241870AFB900B4A361 /* Media.xcassets */,
				FB5F0A7318615A800068D497 /* LeitorIDR */,
				FB5F0A9518615A800068D497 /* LeitorIDRTests */,
				FB5F0A6C18615A800068D497 /* Frameworks */,
				FB5F0A6B18615A800068D497 /* Products */,
				B159C45D2D774BBF9E4125BD /* Pods.xcconfig */,
			);
			sourceTree = "<group>";
		};
		FB5F0A6B18615A800068D497 /* Products */ = {
			isa = PBXGroup;
			children = (
				FB5F0A6A18615A800068D497 /* LeitorIDR.app */,
				FB5F0A8E18615A800068D497 /* LeitorIDRTests.xctest */,
			);
			name = Products;
			sourceTree = "<group>";
		};
		FB5F0A6C18615A800068D497 /* Frameworks */ = {
			isa = PBXGroup;
			children = (
				2942CF4A18D7E1D200311C64 /* FastPdfKit.embeddedframework */,
				FB5F0A6D18615A800068D497 /* Foundation.framework */,
				FB5F0A6F18615A800068D497 /* CoreGraphics.framework */,
				FB5F0A7118615A800068D497 /* UIKit.framework */,
				FB5F0A8F18615A800068D497 /* XCTest.framework */,
				47E5FF1C835D4E76A8748C52 /* libPods.a */,
			);
			name = Frameworks;
			sourceTree = "<group>";
		};
		FB5F0A7318615A800068D497 /* LeitorIDR */ = {
			isa = PBXGroup;
			children = (
				29CFB1B1194FC06600E9DBDA /* PDFView */,
				29CFB1C2194FC06600E9DBDA /* PDFLib */,
				FB62EE1D18763755007661BF /* com.br.ibracon */,
				FB5F0A7C18615A800068D497 /* AppDelegate.h */,
				FB5F0A7D18615A800068D497 /* AppDelegate.m */,
				FB5F0A7F18615A800068D497 /* Main_iPhone.storyboard */,
				FB5F0A8218615A800068D497 /* Main_iPad.storyboard */,
				FB5F0A8518615A800068D497 /* IdrViewController.h */,
				FB5F0A8618615A800068D497 /* IdrViewController.m */,
				FB5F0A7418615A800068D497 /* Supporting Files */,
			);
			path = LeitorIDR;
			sourceTree = "<group>";
		};
		FB5F0A7418615A800068D497 /* Supporting Files */ = {
			isa = PBXGroup;
			children = (
				FB5F0A7518615A800068D497 /* LeitorIDR-Info.plist */,
				FB5F0A7618615A800068D497 /* InfoPlist.strings */,
				FB5F0A7918615A800068D497 /* main.m */,
				FB5F0A7B18615A800068D497 /* LeitorIDR-Prefix.pch */,
			);
			name = "Supporting Files";
			sourceTree = "<group>";
		};
		FB5F0A9518615A800068D497 /* LeitorIDRTests */ = {
			isa = PBXGroup;
			children = (
				FB5F0A9B18615A800068D497 /* LeitorIDRTests.m */,
				FB5F0A9618615A800068D497 /* Supporting Files */,
			);
			path = LeitorIDRTests;
			sourceTree = "<group>";
		};
		FB5F0A9618615A800068D497 /* Supporting Files */ = {
			isa = PBXGroup;
			children = (
				FB5F0A9718615A800068D497 /* LeitorIDRTests-Info.plist */,
				FB5F0A9818615A800068D497 /* InfoPlist.strings */,
			);
			name = "Supporting Files";
			sourceTree = "<group>";
		};
		FB62EE1D18763755007661BF /* com.br.ibracon */ = {
			isa = PBXGroup;
			children = (
				FB3A5C5618BD772200A0FEA8 /* util */,
				FB3A5C5518BD63EE00A0FEA8 /* livros */,
				299D7B4518BC35E800724BED /* registro */,
				299D7B4418BC35B100724BED /* views */,
				299D7B4318BC35A300724BED /* estantes */,
				FBDF8A721877E353000EC732 /* connection */,
				FBDF8A711877CC70000EC732 /* xml */,
				FBDF8A701877CC5B000EC732 /* model */,
			);
			name = com.br.ibracon;
			sourceTree = "<group>";
		};
		FBDF8A701877CC5B000EC732 /* model */ = {
			isa = PBXGroup;
			children = (
				FBDF8A6D1877CAC0000EC732 /* RegistrarDispositivoResponse.h */,
				FBDF8A6E1877CAC0000EC732 /* RegistrarDispositivoResponse.m */,
				82F335A818B5AEFE001636EE /* LivroResponse.h */,
				82F335A918B5AEFE001636EE /* LivroResponse.m */,
				299D7B4618BC36FC00724BED /* EstanteResponse.h */,
				299D7B4718BC36FC00724BED /* EstanteResponse.m */,
				2988CEB618C9612C005B84BE /* RegistrarLivroResponse.h */,
				2988CEB718C9612C005B84BE /* RegistrarLivroResponse.m */,
				2988CEBC18C96F45005B84BE /* DadosDispositivo.h */,
				2988CEBD18C96F45005B84BE /* DadosDispositivo.m */,
				2988CEBF18C97128005B84BE /* DadosCliente.h */,
				2988CEC018C97128005B84BE /* DadosCliente.m */,
			);
			name = model;
			sourceTree = "<group>";
		};
		FBDF8A711877CC70000EC732 /* xml */ = {
			isa = PBXGroup;
			children = (
			);
			name = xml;
			sourceTree = "<group>";
		};
		FBDF8A721877E353000EC732 /* connection */ = {
			isa = PBXGroup;
			children = (
				82F335A218B59B86001636EE /* ConexaoBuscarEstante.h */,
				82F335A318B59B86001636EE /* ConexaoBuscarEstante.m */,
				FB62EE1E18763779007661BF /* ConexaoRegistrarDispositivo.h */,
				FB62EE1F18763779007661BF /* ConexaoRegistrarDispositivo.m */,
				2988CEB918C96A6F005B84BE /* ConexaoRegistrarLivro.h */,
				2988CEBA18C96A6F005B84BE /* ConexaoRegistrarLivro.m */,
			);
			name = connection;
			sourceTree = "<group>";
		};
/* End PBXGroup section */

/* Begin PBXNativeTarget section */
		FB5F0A6918615A800068D497 /* LeitorIDR */ = {
			isa = PBXNativeTarget;
			buildConfigurationList = FB5F0A9F18615A800068D497 /* Build configuration list for PBXNativeTarget "LeitorIDR" */;
			buildPhases = (
				FB5F0A6618615A800068D497 /* Sources */,
				FB5F0A6718615A800068D497 /* Frameworks */,
				FB5F0A6818615A800068D497 /* Resources */,
			);
			buildRules = (
			);
			dependencies = (
			);
			name = LeitorIDR;
			productName = LeitorIDR;
			productReference = FB5F0A6A18615A800068D497 /* LeitorIDR.app */;
			productType = "com.apple.product-type.application";
		};
		FB5F0A8D18615A800068D497 /* LeitorIDRTests */ = {
			isa = PBXNativeTarget;
			buildConfigurationList = FB5F0AA218615A800068D497 /* Build configuration list for PBXNativeTarget "LeitorIDRTests" */;
			buildPhases = (
				FB5F0A8A18615A800068D497 /* Sources */,
				FB5F0A8B18615A800068D497 /* Frameworks */,
				FB5F0A8C18615A800068D497 /* Resources */,
			);
			buildRules = (
			);
			dependencies = (
				FB5F0A9418615A800068D497 /* PBXTargetDependency */,
			);
			name = LeitorIDRTests;
			productName = LeitorIDRTests;
			productReference = FB5F0A8E18615A800068D497 /* LeitorIDRTests.xctest */;
			productType = "com.apple.product-type.bundle.unit-test";
		};
/* End PBXNativeTarget section */

/* Begin PBXProject section */
		FB5F0A6218615A800068D497 /* Project object */ = {
			isa = PBXProject;
			attributes = {
				LastUpgradeCheck = 0500;
				ORGANIZATIONNAME = "Yesus Castillo Vera";
				TargetAttributes = {
					FB5F0A6918615A800068D497 = {
						DevelopmentTeam = WED6F4TVEP;
					};
					FB5F0A8D18615A800068D497 = {
						TestTargetID = FB5F0A6918615A800068D497;
					};
				};
			};
			buildConfigurationList = FB5F0A6518615A800068D497 /* Build configuration list for PBXProject "LeitorIDR" */;
			compatibilityVersion = "Xcode 3.2";
			developmentRegion = English;
			hasScannedForEncodings = 0;
			knownRegions = (
				en,
				Base,
			);
			mainGroup = FB5F0A6118615A800068D497;
			productRefGroup = FB5F0A6B18615A800068D497 /* Products */;
			projectDirPath = "";
			projectRoot = "";
			targets = (
				FB5F0A6918615A800068D497 /* LeitorIDR */,
				FB5F0A8D18615A800068D497 /* LeitorIDRTests */,
			);
		};
/* End PBXProject section */

/* Begin PBXResourcesBuildPhase section */
		FB5F0A6818615A800068D497 /* Resources */ = {
			isa = PBXResourcesBuildPhase;
			buildActionMask = 2147483647;
			files = (
				FB5A361318657EA6006C7FF3 /* RegistroNaoAssociadoController.xib in Resources */,
				FB5A360E18657E29006C7FF3 /* RegistroAssociadoController.xib in Resources */,
				FBF1E1381869506E00671EE2 /* EstantesController.xib in Resources */,
				FB5F0A8418615A800068D497 /* Main_iPad.storyboard in Resources */,
				FBC727AD18658EAD00F72A23 /* PerguntaRegistroController.xib in Resources */,
				2942CF5018D7E1D200311C64 /* FPKReaderBundle.bundle in Resources */,
				2942CF5118D7E1D200311C64 /* Snippets.txt in Resources */,
				FB3A5C5418BD639400A0FEA8 /* LivroDetalhesView.xib in Resources */,
				FB5F0A8118615A800068D497 /* Main_iPhone.storyboard in Resources */,
				FBDF8A7C1878C0FD000EC732 /* EstanteLivrosController.xib in Resources */,
				FBF102251870AFB900B4A361 /* Media.xcassets in Resources */,
				FB5F0A7818615A800068D497 /* InfoPlist.strings in Resources */,
			);
			runOnlyForDeploymentPostprocessing = 0;
		};
		FB5F0A8C18615A800068D497 /* Resources */ = {
			isa = PBXResourcesBuildPhase;
			buildActionMask = 2147483647;
			files = (
				FB5F0A9A18615A800068D497 /* InfoPlist.strings in Resources */,
			);
			runOnlyForDeploymentPostprocessing = 0;
		};
/* End PBXResourcesBuildPhase section */

/* Begin PBXSourcesBuildPhase section */
		FB5F0A6618615A800068D497 /* Sources */ = {
			isa = PBXSourcesBuildPhase;
			buildActionMask = 2147483647;
			files = (
				82E0390618B8DD7A00EE7722 /* AFHTTPRequestOperation.m in Sources */,
				29B679E118D91E4300787E05 /* GLB.m in Sources */,
				29CFB1CE194FC06600E9DBDA /* PDFVThumb.m in Sources */,
				2988CEBE18C96F45005B84BE /* DadosDispositivo.m in Sources */,
				29CFB1C9194FC06600E9DBDA /* PDFVFinder.m in Sources */,
				2988CEB818C9612C005B84BE /* RegistrarLivroResponse.m in Sources */,
				29CFB1CD194FC06600E9DBDA /* PDFVThread.m in Sources */,
				FBC727AC18658EAD00F72A23 /* PerguntaRegistroController.m in Sources */,
				29CFB1C7194FC06600E9DBDA /* PDFV.m in Sources */,
				FB5F0A8718615A800068D497 /* IdrViewController.m in Sources */,
				29CFB1CA194FC06600E9DBDA /* PDFVGlobal.m in Sources */,
				29CFB1D0194FC06600E9DBDA /* PDFObjc.m in Sources */,
				82E0390E18B8DD7A00EE7722 /* AFURLSessionManager.m in Sources */,
				FB5A360D18657E29006C7FF3 /* RegistroAssociadoController.m in Sources */,
				29CFB1C8194FC06600E9DBDA /* PDFVCanvas.m in Sources */,
				82E0390B18B8DD7A00EE7722 /* AFURLConnectionOperation.m in Sources */,
				82E0390718B8DD7A00EE7722 /* AFHTTPRequestOperationManager.m in Sources */,
				29CFB1CC194FC06600E9DBDA /* PDFVPage.m in Sources */,
				FB5F0A7E18615A800068D497 /* AppDelegate.m in Sources */,
				82E0390918B8DD7A00EE7722 /* AFNetworkReachabilityManager.m in Sources */,
				FB62EE2018763779007661BF /* ConexaoRegistrarDispositivo.m in Sources */,
				82F335AA18B5AEFE001636EE /* LivroResponse.m in Sources */,
				82E0390A18B8DD7A00EE7722 /* AFSecurityPolicy.m in Sources */,
				FB5F0A7A18615A800068D497 /* main.m in Sources */,
				2988CEC118C97128005B84BE /* DadosCliente.m in Sources */,
				82E0390C18B8DD7A00EE7722 /* AFURLRequestSerialization.m in Sources */,
				FBF1E1371869506E00671EE2 /* EstantesController.m in Sources */,
				299D7B4818BC36FC00724BED /* EstanteResponse.m in Sources */,
				82E0390D18B8DD7A00EE7722 /* AFURLResponseSerialization.m in Sources */,
				29CFB1CB194FC06600E9DBDA /* PDFView.m in Sources */,
				29EA293518D6178400F9BCAC /* LivroDetalhesView.m in Sources */,
				FBDF8A7B1878C0FD000EC732 /* EstanteLivrosController.m in Sources */,
				FBDF8A6F1877CAC0000EC732 /* RegistrarDispositivoResponse.m in Sources */,
				82E0390818B8DD7A00EE7722 /* AFHTTPSessionManager.m in Sources */,
				82F335A418B59B86001636EE /* ConexaoBuscarEstante.m in Sources */,
				FB5A361218657EA6006C7FF3 /* RegistroNaoAssociadoController.m in Sources */,
				2988CEBB18C96A6F005B84BE /* ConexaoRegistrarLivro.m in Sources */,
			);
			runOnlyForDeploymentPostprocessing = 0;
		};
		FB5F0A8A18615A800068D497 /* Sources */ = {
			isa = PBXSourcesBuildPhase;
			buildActionMask = 2147483647;
			files = (
				FB5F0A9C18615A800068D497 /* LeitorIDRTests.m in Sources */,
			);
			runOnlyForDeploymentPostprocessing = 0;
		};
/* End PBXSourcesBuildPhase section */

/* Begin PBXTargetDependency section */
		FB5F0A9418615A800068D497 /* PBXTargetDependency */ = {
			isa = PBXTargetDependency;
			target = FB5F0A6918615A800068D497 /* LeitorIDR */;
			targetProxy = FB5F0A9318615A800068D497 /* PBXContainerItemProxy */;
		};
/* End PBXTargetDependency section */

/* Begin PBXVariantGroup section */
		FB5F0A7618615A800068D497 /* InfoPlist.strings */ = {
			isa = PBXVariantGroup;
			children = (
				FB5F0A7718615A800068D497 /* en */,
			);
			name = InfoPlist.strings;
			sourceTree = "<group>";
		};
		FB5F0A7F18615A800068D497 /* Main_iPhone.storyboard */ = {
			isa = PBXVariantGroup;
			children = (
				FB5F0A8018615A800068D497 /* Base */,
			);
			name = Main_iPhone.storyboard;
			sourceTree = "<group>";
		};
		FB5F0A8218615A800068D497 /* Main_iPad.storyboard */ = {
			isa = PBXVariantGroup;
			children = (
				FB5F0A8318615A800068D497 /* Base */,
			);
			name = Main_iPad.storyboard;
			sourceTree = "<group>";
		};
		FB5F0A9818615A800068D497 /* InfoPlist.strings */ = {
			isa = PBXVariantGroup;
			children = (
				FB5F0A9918615A800068D497 /* en */,
			);
			name = InfoPlist.strings;
			sourceTree = "<group>";
		};
/* End PBXVariantGroup section */

/* Begin XCBuildConfiguration section */
		FB5F0A9D18615A800068D497 /* Debug */ = {
			isa = XCBuildConfiguration;
			buildSettings = {
				ALWAYS_SEARCH_USER_PATHS = NO;
				ARCHS = "$(ARCHS_STANDARD_INCLUDING_64_BIT)";
				CLANG_CXX_LANGUAGE_STANDARD = "gnu++0x";
				CLANG_CXX_LIBRARY = "libc++";
				CLANG_ENABLE_MODULES = YES;
				CLANG_ENABLE_OBJC_ARC = YES;
				CLANG_WARN_BOOL_CONVERSION = YES;
				CLANG_WARN_CONSTANT_CONVERSION = YES;
				CLANG_WARN_DIRECT_OBJC_ISA_USAGE = YES_ERROR;
				CLANG_WARN_EMPTY_BODY = YES;
				CLANG_WARN_ENUM_CONVERSION = YES;
				CLANG_WARN_INT_CONVERSION = YES;
				CLANG_WARN_OBJC_ROOT_CLASS = YES_ERROR;
				CLANG_WARN__DUPLICATE_METHOD_MATCH = YES;
				"CODE_SIGN_IDENTITY[sdk=iphoneos*]" = "iPhone Developer";
				COPY_PHASE_STRIP = NO;
				GCC_C_LANGUAGE_STANDARD = gnu99;
				GCC_DYNAMIC_NO_PIC = NO;
				GCC_OPTIMIZATION_LEVEL = 0;
				GCC_PREPROCESSOR_DEFINITIONS = (
					"DEBUG=1",
					"$(inherited)",
				);
				GCC_SYMBOLS_PRIVATE_EXTERN = NO;
				GCC_WARN_64_TO_32_BIT_CONVERSION = YES;
				GCC_WARN_ABOUT_RETURN_TYPE = YES_ERROR;
				GCC_WARN_UNDECLARED_SELECTOR = YES;
				GCC_WARN_UNINITIALIZED_AUTOS = YES;
				GCC_WARN_UNUSED_FUNCTION = YES;
				GCC_WARN_UNUSED_VARIABLE = YES;
				IPHONEOS_DEPLOYMENT_TARGET = 7.1;
				ONLY_ACTIVE_ARCH = YES;
				SDKROOT = iphoneos;
				TARGETED_DEVICE_FAMILY = "1,2";
			};
			name = Debug;
		};
		FB5F0A9E18615A800068D497 /* Release */ = {
			isa = XCBuildConfiguration;
			buildSettings = {
				ALWAYS_SEARCH_USER_PATHS = NO;
				ARCHS = "$(ARCHS_STANDARD_INCLUDING_64_BIT)";
				CLANG_CXX_LANGUAGE_STANDARD = "gnu++0x";
				CLANG_CXX_LIBRARY = "libc++";
				CLANG_ENABLE_MODULES = YES;
				CLANG_ENABLE_OBJC_ARC = YES;
				CLANG_WARN_BOOL_CONVERSION = YES;
				CLANG_WARN_CONSTANT_CONVERSION = YES;
				CLANG_WARN_DIRECT_OBJC_ISA_USAGE = YES_ERROR;
				CLANG_WARN_EMPTY_BODY = YES;
				CLANG_WARN_ENUM_CONVERSION = YES;
				CLANG_WARN_INT_CONVERSION = YES;
				CLANG_WARN_OBJC_ROOT_CLASS = YES_ERROR;
				CLANG_WARN__DUPLICATE_METHOD_MATCH = YES;
				"CODE_SIGN_IDENTITY[sdk=iphoneos*]" = "iPhone Developer";
				COPY_PHASE_STRIP = YES;
				ENABLE_NS_ASSERTIONS = NO;
				GCC_C_LANGUAGE_STANDARD = gnu99;
				GCC_WARN_64_TO_32_BIT_CONVERSION = YES;
				GCC_WARN_ABOUT_RETURN_TYPE = YES_ERROR;
				GCC_WARN_UNDECLARED_SELECTOR = YES;
				GCC_WARN_UNINITIALIZED_AUTOS = YES;
				GCC_WARN_UNUSED_FUNCTION = YES;
				GCC_WARN_UNUSED_VARIABLE = YES;
				IPHONEOS_DEPLOYMENT_TARGET = 7.1;
				SDKROOT = iphoneos;
				TARGETED_DEVICE_FAMILY = "1,2";
				VALIDATE_PRODUCT = YES;
			};
			name = Release;
		};
		FB5F0AA018615A800068D497 /* Debug */ = {
			isa = XCBuildConfiguration;
			buildSettings = {
				ASSETCATALOG_COMPILER_APPICON_NAME = AppIcon;
				ASSETCATALOG_COMPILER_LAUNCHIMAGE_NAME = LaunchImage;
				CODE_SIGN_IDENTITY = "iPhone Developer";
				"CODE_SIGN_IDENTITY[sdk=iphoneos*]" = "iPhone Developer";
				FRAMEWORK_SEARCH_PATHS = (
					"$(inherited)",
					"/Users/JJCS/Documents/mobfarm-FastPdfKit-feb4b79/FastPdfKit.embeddedframework",
					/Users/JJCS/FastPdfkit/FastPdfKit.embeddedframework,
					/Users/JJCS/Documents/FastPdfkit/FastPdfKit.embeddedframework,
					"$(PROJECT_DIR)/FastPdfKit.embeddedframework",
				);
				GCC_PRECOMPILE_PREFIX_HEADER = YES;
				GCC_PREFIX_HEADER = "LeitorIDR/LeitorIDR-Prefix.pch";
				INFOPLIST_FILE = "LeitorIDR/LeitorIDR-Info.plist";
				IPHONEOS_DEPLOYMENT_TARGET = 7.1;
				LIBRARY_SEARCH_PATHS = (
					"$(inherited)",
					"$(PROJECT_DIR)/LeitorIDR/PDFLib",
				);
				PRODUCT_NAME = "$(TARGET_NAME)";
				PROVISIONING_PROFILE = "";
				TARGETED_DEVICE_FAMILY = "1,2";
				WRAPPER_EXTENSION = app;
			};
			name = Debug;
		};
		FB5F0AA118615A800068D497 /* Release */ = {
			isa = XCBuildConfiguration;
			buildSettings = {
				ASSETCATALOG_COMPILER_APPICON_NAME = AppIcon;
				ASSETCATALOG_COMPILER_LAUNCHIMAGE_NAME = LaunchImage;
				CODE_SIGN_IDENTITY = "iPhone Developer";
				"CODE_SIGN_IDENTITY[sdk=iphoneos*]" = "iPhone Developer";
				FRAMEWORK_SEARCH_PATHS = (
					"$(inherited)",
					"/Users/JJCS/Documents/mobfarm-FastPdfKit-feb4b79/FastPdfKit.embeddedframework",
					/Users/JJCS/FastPdfkit/FastPdfKit.embeddedframework,
					/Users/JJCS/Documents/FastPdfkit/FastPdfKit.embeddedframework,
					"$(PROJECT_DIR)/FastPdfKit.embeddedframework",
				);
				GCC_PRECOMPILE_PREFIX_HEADER = YES;
				GCC_PREFIX_HEADER = "LeitorIDR/LeitorIDR-Prefix.pch";
				INFOPLIST_FILE = "LeitorIDR/LeitorIDR-Info.plist";
				IPHONEOS_DEPLOYMENT_TARGET = 7.1;
				LIBRARY_SEARCH_PATHS = (
					"$(inherited)",
					"$(PROJECT_DIR)/LeitorIDR/PDFLib",
				);
				PRODUCT_NAME = "$(TARGET_NAME)";
				PROVISIONING_PROFILE = "";
				TARGETED_DEVICE_FAMILY = "1,2";
				WRAPPER_EXTENSION = app;
			};
			name = Release;
		};
		FB5F0AA318615A800068D497 /* Debug */ = {
			isa = XCBuildConfiguration;
			buildSettings = {
				ARCHS = "$(ARCHS_STANDARD_INCLUDING_64_BIT)";
				BUNDLE_LOADER = "$(BUILT_PRODUCTS_DIR)/LeitorIDR.app/LeitorIDR";
				FRAMEWORK_SEARCH_PATHS = (
					"$(SDKROOT)/Developer/Library/Frameworks",
					"$(inherited)",
					"$(DEVELOPER_FRAMEWORKS_DIR)",
				);
				GCC_PRECOMPILE_PREFIX_HEADER = YES;
				GCC_PREFIX_HEADER = "LeitorIDR/LeitorIDR-Prefix.pch";
				GCC_PREPROCESSOR_DEFINITIONS = (
					"DEBUG=1",
					"$(inherited)",
				);
				INFOPLIST_FILE = "LeitorIDRTests/LeitorIDRTests-Info.plist";
				PRODUCT_NAME = "$(TARGET_NAME)";
				TEST_HOST = "$(BUNDLE_LOADER)";
				WRAPPER_EXTENSION = xctest;
			};
			name = Debug;
		};
		FB5F0AA418615A800068D497 /* Release */ = {
			isa = XCBuildConfiguration;
			buildSettings = {
				ARCHS = "$(ARCHS_STANDARD_INCLUDING_64_BIT)";
				BUNDLE_LOADER = "$(BUILT_PRODUCTS_DIR)/LeitorIDR.app/LeitorIDR";
				FRAMEWORK_SEARCH_PATHS = (
					"$(SDKROOT)/Developer/Library/Frameworks",
					"$(inherited)",
					"$(DEVELOPER_FRAMEWORKS_DIR)",
				);
				GCC_PRECOMPILE_PREFIX_HEADER = YES;
				GCC_PREFIX_HEADER = "LeitorIDR/LeitorIDR-Prefix.pch";
				INFOPLIST_FILE = "LeitorIDRTests/LeitorIDRTests-Info.plist";
				PRODUCT_NAME = "$(TARGET_NAME)";
				TEST_HOST = "$(BUNDLE_LOADER)";
				WRAPPER_EXTENSION = xctest;
			};
			name = Release;
		};
/* End XCBuildConfiguration section */

/* Begin XCConfigurationList section */
		FB5F0A6518615A800068D497 /* Build configuration list for PBXProject "LeitorIDR" */ = {
			isa = XCConfigurationList;
			buildConfigurations = (
				FB5F0A9D18615A800068D497 /* Debug */,
				FB5F0A9E18615A800068D497 /* Release */,
			);
			defaultConfigurationIsVisible = 0;
			defaultConfigurationName = Release;
		};
		FB5F0A9F18615A800068D497 /* Build configuration list for PBXNativeTarget "LeitorIDR" */ = {
			isa = XCConfigurationList;
			buildConfigurations = (
				FB5F0AA018615A800068D497 /* Debug */,
				FB5F0AA118615A800068D497 /* Release */,
			);
			defaultConfigurationIsVisible = 0;
			defaultConfigurationName = Release;
		};
		FB5F0AA218615A800068D497 /* Build configuration list for PBXNativeTarget "LeitorIDRTests" */ = {
			isa = XCConfigurationList;
			buildConfigurations = (
				FB5F0AA318615A800068D497 /* Debug */,
				FB5F0AA418615A800068D497 /* Release */,
			);
			defaultConfigurationIsVisible = 0;
			defaultConfigurationName = Release;
		};
/* End XCConfigurationList section */
	};
	rootObject = FB5F0A6218615A800068D497 /* Project object */;
}
